// !$*UTF8*$!
{
	archiveVersion = 1;
	classes = {
	};
	objectVersion = 56;
	objects = {

/* Begin PBXBuildFile section */
		3416F4022B60863400E19FAE /* AccessTokenStore.swift in Sources */ = {isa = PBXBuildFile; fileRef = 3416F4012B60863400E19FAE /* AccessTokenStore.swift */; };
		3416F4072B63462B00E19FAE /* Security.framework in Frameworks */ = {isa = PBXBuildFile; fileRef = 3416F4062B63462B00E19FAE /* Security.framework */; };
		3416F4092B63493300E19FAE /* KeychainManager.swift in Sources */ = {isa = PBXBuildFile; fileRef = 3416F4082B63493300E19FAE /* KeychainManager.swift */; };
		34266AB62B4A5CBE00AA173E /* ProfilePicture.swift in Sources */ = {isa = PBXBuildFile; fileRef = 34266AB52B4A5CBE00AA173E /* ProfilePicture.swift */; };
		34468A752B39790E0081D38E /* HKManager.swift in Sources */ = {isa = PBXBuildFile; fileRef = 34468A742B39790E0081D38E /* HKManager.swift */; };
		347526D62B313A820022DB52 /* HealthHeroApp.swift in Sources */ = {isa = PBXBuildFile; fileRef = 347526D52B313A820022DB52 /* HealthHeroApp.swift */; };
		347526DA2B313A830022DB52 /* Assets.xcassets in Resources */ = {isa = PBXBuildFile; fileRef = 347526D92B313A830022DB52 /* Assets.xcassets */; };
		347526DE2B313A830022DB52 /* Preview Assets.xcassets in Resources */ = {isa = PBXBuildFile; fileRef = 347526DD2B313A830022DB52 /* Preview Assets.xcassets */; };
		34824B472B4CE19700253C28 /* GoogleSignIn in Frameworks */ = {isa = PBXBuildFile; productRef = 34824B462B4CE19700253C28 /* GoogleSignIn */; };
		34824B492B4CE19700253C28 /* GoogleSignInSwift in Frameworks */ = {isa = PBXBuildFile; productRef = 34824B482B4CE19700253C28 /* GoogleSignInSwift */; };
		3486B58C2B3F95B000AFC633 /* LeaderboardView.swift in Sources */ = {isa = PBXBuildFile; fileRef = 3486B58B2B3F95B000AFC633 /* LeaderboardView.swift */; };
		3486B58E2B3F97E400AFC633 /* ProfileView.swift in Sources */ = {isa = PBXBuildFile; fileRef = 3486B58D2B3F97E400AFC633 /* ProfileView.swift */; };
		3486B5902B3F990500AFC633 /* StatsView.swift in Sources */ = {isa = PBXBuildFile; fileRef = 3486B58F2B3F990500AFC633 /* StatsView.swift */; };
		3486B5922B3F9B5D00AFC633 /* MainView.swift in Sources */ = {isa = PBXBuildFile; fileRef = 3486B5912B3F9B5D00AFC633 /* MainView.swift */; };
		3492E09F2B4CEB6F00AE3719 /* GoogleSignIn.plist in Resources */ = {isa = PBXBuildFile; fileRef = 3492E09E2B4CEB6F00AE3719 /* GoogleSignIn.plist */; };
		34D014EE2B5AFD1200974C5F /* JWTDecode in Frameworks */ = {isa = PBXBuildFile; productRef = 34D014ED2B5AFD1200974C5F /* JWTDecode */; };
		34D014F02B5F2AC600974C5F /* TokenManager.swift in Sources */ = {isa = PBXBuildFile; fileRef = 34D014EF2B5F2AC600974C5F /* TokenManager.swift */; };
		34D014F22B606EB700974C5F /* IdTokenStore.swift in Sources */ = {isa = PBXBuildFile; fileRef = 34D014F12B606EB700974C5F /* IdTokenStore.swift */; };
/* End PBXBuildFile section */

/* Begin PBXFileReference section */
		3416F4012B60863400E19FAE /* AccessTokenStore.swift */ = {isa = PBXFileReference; lastKnownFileType = sourcecode.swift; path = AccessTokenStore.swift; sourceTree = "<group>"; };
		3416F4062B63462B00E19FAE /* Security.framework */ = {isa = PBXFileReference; lastKnownFileType = wrapper.framework; name = Security.framework; path = Platforms/iPhoneOS.platform/Developer/SDKs/iPhoneOS17.2.sdk/System/Library/Frameworks/Security.framework; sourceTree = DEVELOPER_DIR; };
		3416F4082B63493300E19FAE /* KeychainManager.swift */ = {isa = PBXFileReference; lastKnownFileType = sourcecode.swift; path = KeychainManager.swift; sourceTree = "<group>"; };
		34266AB52B4A5CBE00AA173E /* ProfilePicture.swift */ = {isa = PBXFileReference; lastKnownFileType = sourcecode.swift; path = ProfilePicture.swift; sourceTree = "<group>"; };
		34468A732B3971000081D38E /* Info.plist */ = {isa = PBXFileReference; lastKnownFileType = text.plist; path = Info.plist; sourceTree = "<group>"; };
		34468A742B39790E0081D38E /* HKManager.swift */ = {isa = PBXFileReference; lastKnownFileType = sourcecode.swift; path = HKManager.swift; sourceTree = "<group>"; };
		347526D22B313A820022DB52 /* HealthHero.app */ = {isa = PBXFileReference; explicitFileType = wrapper.application; includeInIndex = 0; path = HealthHero.app; sourceTree = BUILT_PRODUCTS_DIR; };
		347526D52B313A820022DB52 /* HealthHeroApp.swift */ = {isa = PBXFileReference; lastKnownFileType = sourcecode.swift; path = HealthHeroApp.swift; sourceTree = "<group>"; };
		347526D92B313A830022DB52 /* Assets.xcassets */ = {isa = PBXFileReference; lastKnownFileType = folder.assetcatalog; path = Assets.xcassets; sourceTree = "<group>"; };
		347526DB2B313A830022DB52 /* HealthHero.entitlements */ = {isa = PBXFileReference; lastKnownFileType = text.plist.entitlements; path = HealthHero.entitlements; sourceTree = "<group>"; };
		347526DD2B313A830022DB52 /* Preview Assets.xcassets */ = {isa = PBXFileReference; lastKnownFileType = folder.assetcatalog; path = "Preview Assets.xcassets"; sourceTree = "<group>"; };
		3486B58B2B3F95B000AFC633 /* LeaderboardView.swift */ = {isa = PBXFileReference; lastKnownFileType = sourcecode.swift; path = LeaderboardView.swift; sourceTree = "<group>"; };
		3486B58D2B3F97E400AFC633 /* ProfileView.swift */ = {isa = PBXFileReference; lastKnownFileType = sourcecode.swift; path = ProfileView.swift; sourceTree = "<group>"; };
		3486B58F2B3F990500AFC633 /* StatsView.swift */ = {isa = PBXFileReference; lastKnownFileType = sourcecode.swift; path = StatsView.swift; sourceTree = "<group>"; };
		3486B5912B3F9B5D00AFC633 /* MainView.swift */ = {isa = PBXFileReference; lastKnownFileType = sourcecode.swift; path = MainView.swift; sourceTree = "<group>"; };
		3492E09E2B4CEB6F00AE3719 /* GoogleSignIn.plist */ = {isa = PBXFileReference; fileEncoding = 4; lastKnownFileType = text.plist.xml; path = GoogleSignIn.plist; sourceTree = "<group>"; };
		34D014EF2B5F2AC600974C5F /* TokenManager.swift */ = {isa = PBXFileReference; lastKnownFileType = sourcecode.swift; path = TokenManager.swift; sourceTree = "<group>"; };
		34D014F12B606EB700974C5F /* IdTokenStore.swift */ = {isa = PBXFileReference; lastKnownFileType = sourcecode.swift; path = IdTokenStore.swift; sourceTree = "<group>"; };
/* End PBXFileReference section */

/* Begin PBXFrameworksBuildPhase section */
		347526CF2B313A820022DB52 /* Frameworks */ = {
			isa = PBXFrameworksBuildPhase;
			buildActionMask = 2147483647;
			files = (
				3416F4072B63462B00E19FAE /* Security.framework in Frameworks */,
				34824B472B4CE19700253C28 /* GoogleSignIn in Frameworks */,
				34824B492B4CE19700253C28 /* GoogleSignInSwift in Frameworks */,
				34D014EE2B5AFD1200974C5F /* JWTDecode in Frameworks */,
			);
			runOnlyForDeploymentPostprocessing = 0;
		};
/* End PBXFrameworksBuildPhase section */

/* Begin PBXGroup section */
		3416F4052B63462B00E19FAE /* Frameworks */ = {
			isa = PBXGroup;
			children = (
				3416F4062B63462B00E19FAE /* Security.framework */,
			);
			name = Frameworks;
			sourceTree = "<group>";
		};
		347526C92B313A820022DB52 = {
			isa = PBXGroup;
			children = (
				347526D42B313A820022DB52 /* HealthHero */,
				347526D32B313A820022DB52 /* Products */,
				3416F4052B63462B00E19FAE /* Frameworks */,
			);
			sourceTree = "<group>";
		};
		347526D32B313A820022DB52 /* Products */ = {
			isa = PBXGroup;
			children = (
				347526D22B313A820022DB52 /* HealthHero.app */,
			);
			name = Products;
			sourceTree = "<group>";
		};
		347526D42B313A820022DB52 /* HealthHero */ = {
			isa = PBXGroup;
			children = (
				34468A732B3971000081D38E /* Info.plist */,
				3492E09E2B4CEB6F00AE3719 /* GoogleSignIn.plist */,
				347526D52B313A820022DB52 /* HealthHeroApp.swift */,
				34266AB52B4A5CBE00AA173E /* ProfilePicture.swift */,
				34468A742B39790E0081D38E /* HKManager.swift */,
				34D014F12B606EB700974C5F /* IdTokenStore.swift */,
				34D014EF2B5F2AC600974C5F /* TokenManager.swift */,
				3416F4012B60863400E19FAE /* AccessTokenStore.swift */,
				3416F4082B63493300E19FAE /* KeychainManager.swift */,
				3486B5932B3F9CD200AFC633 /* Tab Views */,
				347526D92B313A830022DB52 /* Assets.xcassets */,
				347526DB2B313A830022DB52 /* HealthHero.entitlements */,
				347526DC2B313A830022DB52 /* Preview Content */,
			);
			path = HealthHero;
			sourceTree = "<group>";
		};
		347526DC2B313A830022DB52 /* Preview Content */ = {
			isa = PBXGroup;
			children = (
				347526DD2B313A830022DB52 /* Preview Assets.xcassets */,
			);
			path = "Preview Content";
			sourceTree = "<group>";
		};
		3486B5932B3F9CD200AFC633 /* Tab Views */ = {
			isa = PBXGroup;
			children = (
				3486B5912B3F9B5D00AFC633 /* MainView.swift */,
				3486B58F2B3F990500AFC633 /* StatsView.swift */,
				3486B58D2B3F97E400AFC633 /* ProfileView.swift */,
				3486B58B2B3F95B000AFC633 /* LeaderboardView.swift */,
			);
			path = "Tab Views";
			sourceTree = "<group>";
		};
/* End PBXGroup section */

/* Begin PBXNativeTarget section */
		347526D12B313A820022DB52 /* HealthHero */ = {
			isa = PBXNativeTarget;
			buildConfigurationList = 347526E12B313A830022DB52 /* Build configuration list for PBXNativeTarget "HealthHero" */;
			buildPhases = (
				347526CE2B313A820022DB52 /* Sources */,
				347526CF2B313A820022DB52 /* Frameworks */,
				347526D02B313A820022DB52 /* Resources */,
			);
			buildRules = (
			);
			dependencies = (
			);
			name = HealthHero;
			packageProductDependencies = (
				34824B462B4CE19700253C28 /* GoogleSignIn */,
				34824B482B4CE19700253C28 /* GoogleSignInSwift */,
				34D014ED2B5AFD1200974C5F /* JWTDecode */,
			);
			productName = HealthHero;
			productReference = 347526D22B313A820022DB52 /* HealthHero.app */;
			productType = "com.apple.product-type.application";
		};
/* End PBXNativeTarget section */

/* Begin PBXProject section */
		347526CA2B313A820022DB52 /* Project object */ = {
			isa = PBXProject;
			attributes = {
				BuildIndependentTargetsInParallel = 1;
				LastSwiftUpdateCheck = 1510;
				LastUpgradeCheck = 1510;
				TargetAttributes = {
					347526D12B313A820022DB52 = {
						CreatedOnToolsVersion = 15.1;
					};
				};
			};
			buildConfigurationList = 347526CD2B313A820022DB52 /* Build configuration list for PBXProject "HealthHero" */;
			compatibilityVersion = "Xcode 14.0";
			developmentRegion = en;
			hasScannedForEncodings = 0;
			knownRegions = (
				en,
				Base,
			);
			mainGroup = 347526C92B313A820022DB52;
			packageReferences = (
				34824B452B4CE19700253C28 /* XCRemoteSwiftPackageReference "GoogleSignIn-iOS" */,
				34D014EC2B5AFD1200974C5F /* XCRemoteSwiftPackageReference "JWTDecode.swift" */,
			);
			productRefGroup = 347526D32B313A820022DB52 /* Products */;
			projectDirPath = "";
			projectRoot = "";
			targets = (
				347526D12B313A820022DB52 /* HealthHero */,
			);
		};
/* End PBXProject section */

/* Begin PBXResourcesBuildPhase section */
		347526D02B313A820022DB52 /* Resources */ = {
			isa = PBXResourcesBuildPhase;
			buildActionMask = 2147483647;
			files = (
				347526DE2B313A830022DB52 /* Preview Assets.xcassets in Resources */,
				3492E09F2B4CEB6F00AE3719 /* GoogleSignIn.plist in Resources */,
				347526DA2B313A830022DB52 /* Assets.xcassets in Resources */,
			);
			runOnlyForDeploymentPostprocessing = 0;
		};
/* End PBXResourcesBuildPhase section */

/* Begin PBXSourcesBuildPhase section */
		347526CE2B313A820022DB52 /* Sources */ = {
			isa = PBXSourcesBuildPhase;
			buildActionMask = 2147483647;
			files = (
				34D014F22B606EB700974C5F /* IdTokenStore.swift in Sources */,
				3486B58C2B3F95B000AFC633 /* LeaderboardView.swift in Sources */,
				34D014F02B5F2AC600974C5F /* TokenManager.swift in Sources */,
				34468A752B39790E0081D38E /* HKManager.swift in Sources */,
				3486B5902B3F990500AFC633 /* StatsView.swift in Sources */,
				3416F4022B60863400E19FAE /* AccessTokenStore.swift in Sources */,
				3416F4092B63493300E19FAE /* KeychainManager.swift in Sources */,
				3486B58E2B3F97E400AFC633 /* ProfileView.swift in Sources */,
				34266AB62B4A5CBE00AA173E /* ProfilePicture.swift in Sources */,
				3486B5922B3F9B5D00AFC633 /* MainView.swift in Sources */,
				347526D62B313A820022DB52 /* HealthHeroApp.swift in Sources */,
			);
			runOnlyForDeploymentPostprocessing = 0;
		};
/* End PBXSourcesBuildPhase section */

/* Begin XCBuildConfiguration section */
		347526DF2B313A830022DB52 /* Debug */ = {
			isa = XCBuildConfiguration;
			buildSettings = {
				ALWAYS_SEARCH_USER_PATHS = NO;
				ASSETCATALOG_COMPILER_GENERATE_SWIFT_ASSET_SYMBOL_EXTENSIONS = YES;
				CLANG_ANALYZER_NONNULL = YES;
				CLANG_ANALYZER_NUMBER_OBJECT_CONVERSION = YES_AGGRESSIVE;
				CLANG_CXX_LANGUAGE_STANDARD = "gnu++20";
				CLANG_ENABLE_MODULES = YES;
				CLANG_ENABLE_OBJC_ARC = YES;
				CLANG_ENABLE_OBJC_WEAK = YES;
				CLANG_WARN_BLOCK_CAPTURE_AUTORELEASING = YES;
				CLANG_WARN_BOOL_CONVERSION = YES;
				CLANG_WARN_COMMA = YES;
				CLANG_WARN_CONSTANT_CONVERSION = YES;
				CLANG_WARN_DEPRECATED_OBJC_IMPLEMENTATIONS = YES;
				CLANG_WARN_DIRECT_OBJC_ISA_USAGE = YES_ERROR;
				CLANG_WARN_DOCUMENTATION_COMMENTS = YES;
				CLANG_WARN_EMPTY_BODY = YES;
				CLANG_WARN_ENUM_CONVERSION = YES;
				CLANG_WARN_INFINITE_RECURSION = YES;
				CLANG_WARN_INT_CONVERSION = YES;
				CLANG_WARN_NON_LITERAL_NULL_CONVERSION = YES;
				CLANG_WARN_OBJC_IMPLICIT_RETAIN_SELF = YES;
				CLANG_WARN_OBJC_LITERAL_CONVERSION = YES;
				CLANG_WARN_OBJC_ROOT_CLASS = YES_ERROR;
				CLANG_WARN_QUOTED_INCLUDE_IN_FRAMEWORK_HEADER = YES;
				CLANG_WARN_RANGE_LOOP_ANALYSIS = YES;
				CLANG_WARN_STRICT_PROTOTYPES = YES;
				CLANG_WARN_SUSPICIOUS_MOVE = YES;
				CLANG_WARN_UNGUARDED_AVAILABILITY = YES_AGGRESSIVE;
				CLANG_WARN_UNREACHABLE_CODE = YES;
				CLANG_WARN__DUPLICATE_METHOD_MATCH = YES;
				COPY_PHASE_STRIP = NO;
				DEBUG_INFORMATION_FORMAT = dwarf;
				ENABLE_STRICT_OBJC_MSGSEND = YES;
				ENABLE_TESTABILITY = YES;
				ENABLE_USER_SCRIPT_SANDBOXING = YES;
				GCC_C_LANGUAGE_STANDARD = gnu17;
				GCC_DYNAMIC_NO_PIC = NO;
				GCC_NO_COMMON_BLOCKS = YES;
				GCC_OPTIMIZATION_LEVEL = 0;
				GCC_PREPROCESSOR_DEFINITIONS = (
					"DEBUG=1",
					"$(inherited)",
				);
				GCC_WARN_64_TO_32_BIT_CONVERSION = YES;
				GCC_WARN_ABOUT_RETURN_TYPE = YES_ERROR;
				GCC_WARN_UNDECLARED_SELECTOR = YES;
				GCC_WARN_UNINITIALIZED_AUTOS = YES_AGGRESSIVE;
				GCC_WARN_UNUSED_FUNCTION = YES;
				GCC_WARN_UNUSED_VARIABLE = YES;
				LOCALIZATION_PREFERS_STRING_CATALOGS = YES;
				MTL_ENABLE_DEBUG_INFO = INCLUDE_SOURCE;
				MTL_FAST_MATH = YES;
				ONLY_ACTIVE_ARCH = YES;
				SWIFT_ACTIVE_COMPILATION_CONDITIONS = "DEBUG $(inherited)";
				SWIFT_OPTIMIZATION_LEVEL = "-Onone";
			};
			name = Debug;
		};
		347526E02B313A830022DB52 /* Release */ = {
			isa = XCBuildConfiguration;
			buildSettings = {
				ALWAYS_SEARCH_USER_PATHS = NO;
				ASSETCATALOG_COMPILER_GENERATE_SWIFT_ASSET_SYMBOL_EXTENSIONS = YES;
				CLANG_ANALYZER_NONNULL = YES;
				CLANG_ANALYZER_NUMBER_OBJECT_CONVERSION = YES_AGGRESSIVE;
				CLANG_CXX_LANGUAGE_STANDARD = "gnu++20";
				CLANG_ENABLE_MODULES = YES;
				CLANG_ENABLE_OBJC_ARC = YES;
				CLANG_ENABLE_OBJC_WEAK = YES;
				CLANG_WARN_BLOCK_CAPTURE_AUTORELEASING = YES;
				CLANG_WARN_BOOL_CONVERSION = YES;
				CLANG_WARN_COMMA = YES;
				CLANG_WARN_CONSTANT_CONVERSION = YES;
				CLANG_WARN_DEPRECATED_OBJC_IMPLEMENTATIONS = YES;
				CLANG_WARN_DIRECT_OBJC_ISA_USAGE = YES_ERROR;
				CLANG_WARN_DOCUMENTATION_COMMENTS = YES;
				CLANG_WARN_EMPTY_BODY = YES;
				CLANG_WARN_ENUM_CONVERSION = YES;
				CLANG_WARN_INFINITE_RECURSION = YES;
				CLANG_WARN_INT_CONVERSION = YES;
				CLANG_WARN_NON_LITERAL_NULL_CONVERSION = YES;
				CLANG_WARN_OBJC_IMPLICIT_RETAIN_SELF = YES;
				CLANG_WARN_OBJC_LITERAL_CONVERSION = YES;
				CLANG_WARN_OBJC_ROOT_CLASS = YES_ERROR;
				CLANG_WARN_QUOTED_INCLUDE_IN_FRAMEWORK_HEADER = YES;
				CLANG_WARN_RANGE_LOOP_ANALYSIS = YES;
				CLANG_WARN_STRICT_PROTOTYPES = YES;
				CLANG_WARN_SUSPICIOUS_MOVE = YES;
				CLANG_WARN_UNGUARDED_AVAILABILITY = YES_AGGRESSIVE;
				CLANG_WARN_UNREACHABLE_CODE = YES;
				CLANG_WARN__DUPLICATE_METHOD_MATCH = YES;
				COPY_PHASE_STRIP = NO;
				DEBUG_INFORMATION_FORMAT = "dwarf-with-dsym";
				ENABLE_NS_ASSERTIONS = NO;
				ENABLE_STRICT_OBJC_MSGSEND = YES;
				ENABLE_USER_SCRIPT_SANDBOXING = YES;
				GCC_C_LANGUAGE_STANDARD = gnu17;
				GCC_NO_COMMON_BLOCKS = YES;
				GCC_WARN_64_TO_32_BIT_CONVERSION = YES;
				GCC_WARN_ABOUT_RETURN_TYPE = YES_ERROR;
				GCC_WARN_UNDECLARED_SELECTOR = YES;
				GCC_WARN_UNINITIALIZED_AUTOS = YES_AGGRESSIVE;
				GCC_WARN_UNUSED_FUNCTION = YES;
				GCC_WARN_UNUSED_VARIABLE = YES;
				LOCALIZATION_PREFERS_STRING_CATALOGS = YES;
				MTL_ENABLE_DEBUG_INFO = NO;
				MTL_FAST_MATH = YES;
				SWIFT_COMPILATION_MODE = wholemodule;
			};
			name = Release;
		};
		347526E22B313A830022DB52 /* Debug */ = {
			isa = XCBuildConfiguration;
			buildSettings = {
				ASSETCATALOG_COMPILER_APPICON_NAME = AppIcon;
				ASSETCATALOG_COMPILER_GLOBAL_ACCENT_COLOR_NAME = AccentColor;
				CODE_SIGN_ENTITLEMENTS = HealthHero/HealthHero.entitlements;
				CODE_SIGN_IDENTITY = "Apple Development";
				CODE_SIGN_STYLE = Automatic;
				CURRENT_PROJECT_VERSION = 1;
				DEVELOPMENT_ASSET_PATHS = "\"HealthHero/Preview Content\"";
				DEVELOPMENT_TEAM = 23244392NK;
				ENABLE_HARDENED_RUNTIME = YES;
				ENABLE_PREVIEWS = YES;
				GENERATE_INFOPLIST_FILE = YES;
				INFOPLIST_FILE = HealthHero/Info.plist;
				INFOPLIST_KEY_NSHealthShareUsageDescription = "Your data is used to track your progress.";
				INFOPLIST_KEY_NSHealthUpdateUsageDescription = "Your data is used to track your progress.";
				INFOPLIST_KEY_UIApplicationSceneManifest_Generation = YES;
				"INFOPLIST_KEY_UIApplicationSceneManifest_Generation[sdk=iphoneos*]" = YES;
				"INFOPLIST_KEY_UIApplicationSceneManifest_Generation[sdk=iphonesimulator*]" = YES;
				INFOPLIST_KEY_UIApplicationSupportsIndirectInputEvents = YES;
				"INFOPLIST_KEY_UIApplicationSupportsIndirectInputEvents[sdk=iphoneos*]" = YES;
				"INFOPLIST_KEY_UIApplicationSupportsIndirectInputEvents[sdk=iphonesimulator*]" = YES;
				INFOPLIST_KEY_UILaunchScreen_Generation = YES;
				"INFOPLIST_KEY_UILaunchScreen_Generation[sdk=iphoneos*]" = YES;
				"INFOPLIST_KEY_UILaunchScreen_Generation[sdk=iphonesimulator*]" = YES;
				INFOPLIST_KEY_UIStatusBarStyle = UIStatusBarStyleDefault;
				"INFOPLIST_KEY_UIStatusBarStyle[sdk=iphoneos*]" = UIStatusBarStyleDefault;
				"INFOPLIST_KEY_UIStatusBarStyle[sdk=iphonesimulator*]" = UIStatusBarStyleDefault;
				INFOPLIST_KEY_UISupportedInterfaceOrientations_iPad = "UIInterfaceOrientationPortrait UIInterfaceOrientationPortraitUpsideDown UIInterfaceOrientationLandscapeLeft UIInterfaceOrientationLandscapeRight";
				INFOPLIST_KEY_UISupportedInterfaceOrientations_iPhone = "UIInterfaceOrientationPortrait UIInterfaceOrientationLandscapeLeft UIInterfaceOrientationLandscapeRight";
				IPHONEOS_DEPLOYMENT_TARGET = 17.1;
				LD_RUNPATH_SEARCH_PATHS = "@executable_path/Frameworks";
				"LD_RUNPATH_SEARCH_PATHS[sdk=macosx*]" = "@executable_path/../Frameworks";
				MACOSX_DEPLOYMENT_TARGET = 14.0;
				MARKETING_VERSION = 1.0;
				PRODUCT_BUNDLE_IDENTIFIER = com.HealthHero.HealthHeroApp;
				PRODUCT_NAME = "$(TARGET_NAME)";
				PROVISIONING_PROFILE_SPECIFIER = "";
				SDKROOT = iphoneos;
				SUPPORTED_PLATFORMS = "iphoneos iphonesimulator macosx";
				SUPPORTS_MACCATALYST = NO;
				SUPPORTS_MAC_DESIGNED_FOR_IPHONE_IPAD = NO;
				SWIFT_EMIT_LOC_STRINGS = YES;
				SWIFT_VERSION = 5.0;
				TARGETED_DEVICE_FAMILY = "1,2";
			};
			name = Debug;
		};
		347526E32B313A830022DB52 /* Release */ = {
			isa = XCBuildConfiguration;
			buildSettings = {
				ASSETCATALOG_COMPILER_APPICON_NAME = AppIcon;
				ASSETCATALOG_COMPILER_GLOBAL_ACCENT_COLOR_NAME = AccentColor;
				CODE_SIGN_ENTITLEMENTS = HealthHero/HealthHero.entitlements;
				CODE_SIGN_IDENTITY = "Apple Development";
				CODE_SIGN_STYLE = Automatic;
				CURRENT_PROJECT_VERSION = 1;
				DEVELOPMENT_ASSET_PATHS = "\"HealthHero/Preview Content\"";
				DEVELOPMENT_TEAM = 23244392NK;
				ENABLE_HARDENED_RUNTIME = YES;
				ENABLE_PREVIEWS = YES;
				GENERATE_INFOPLIST_FILE = YES;
				INFOPLIST_FILE = HealthHero/Info.plist;
				INFOPLIST_KEY_NSHealthShareUsageDescription = "Your data is used to track your progress.";
				INFOPLIST_KEY_NSHealthUpdateUsageDescription = "Your data is used to track your progress.";
				INFOPLIST_KEY_UIApplicationSceneManifest_Generation = YES;
				"INFOPLIST_KEY_UIApplicationSceneManifest_Generation[sdk=iphoneos*]" = YES;
				"INFOPLIST_KEY_UIApplicationSceneManifest_Generation[sdk=iphonesimulator*]" = YES;
				INFOPLIST_KEY_UIApplicationSupportsIndirectInputEvents = YES;
				"INFOPLIST_KEY_UIApplicationSupportsIndirectInputEvents[sdk=iphoneos*]" = YES;
				"INFOPLIST_KEY_UIApplicationSupportsIndirectInputEvents[sdk=iphonesimulator*]" = YES;
				INFOPLIST_KEY_UILaunchScreen_Generation = YES;
				"INFOPLIST_KEY_UILaunchScreen_Generation[sdk=iphoneos*]" = YES;
				"INFOPLIST_KEY_UILaunchScreen_Generation[sdk=iphonesimulator*]" = YES;
				INFOPLIST_KEY_UIStatusBarStyle = UIStatusBarStyleDefault;
				"INFOPLIST_KEY_UIStatusBarStyle[sdk=iphoneos*]" = UIStatusBarStyleDefault;
				"INFOPLIST_KEY_UIStatusBarStyle[sdk=iphonesimulator*]" = UIStatusBarStyleDefault;
				INFOPLIST_KEY_UISupportedInterfaceOrientations_iPad = "UIInterfaceOrientationPortrait UIInterfaceOrientationPortraitUpsideDown UIInterfaceOrientationLandscapeLeft UIInterfaceOrientationLandscapeRight";
				INFOPLIST_KEY_UISupportedInterfaceOrientations_iPhone = "UIInterfaceOrientationPortrait UIInterfaceOrientationLandscapeLeft UIInterfaceOrientationLandscapeRight";
				IPHONEOS_DEPLOYMENT_TARGET = 17.1;
				LD_RUNPATH_SEARCH_PATHS = "@executable_path/Frameworks";
				"LD_RUNPATH_SEARCH_PATHS[sdk=macosx*]" = "@executable_path/../Frameworks";
				MACOSX_DEPLOYMENT_TARGET = 14.0;
				MARKETING_VERSION = 1.0;
				PRODUCT_BUNDLE_IDENTIFIER = com.HealthHero.HealthHeroApp;
				PRODUCT_NAME = "$(TARGET_NAME)";
				SDKROOT = iphoneos;
				SUPPORTED_PLATFORMS = "iphoneos iphonesimulator macosx";
				SUPPORTS_MACCATALYST = NO;
				SUPPORTS_MAC_DESIGNED_FOR_IPHONE_IPAD = NO;
				SWIFT_EMIT_LOC_STRINGS = YES;
				SWIFT_VERSION = 5.0;
				TARGETED_DEVICE_FAMILY = "1,2";
			};
			name = Release;
		};
/* End XCBuildConfiguration section */

/* Begin XCConfigurationList section */
		347526CD2B313A820022DB52 /* Build configuration list for PBXProject "HealthHero" */ = {
			isa = XCConfigurationList;
			buildConfigurations = (
				347526DF2B313A830022DB52 /* Debug */,
				347526E02B313A830022DB52 /* Release */,
			);
			defaultConfigurationIsVisible = 0;
			defaultConfigurationName = Release;
		};
		347526E12B313A830022DB52 /* Build configuration list for PBXNativeTarget "HealthHero" */ = {
			isa = XCConfigurationList;
			buildConfigurations = (
				347526E22B313A830022DB52 /* Debug */,
				347526E32B313A830022DB52 /* Release */,
			);
			defaultConfigurationIsVisible = 0;
			defaultConfigurationName = Release;
		};
/* End XCConfigurationList section */

/* Begin XCRemoteSwiftPackageReference section */
		34824B452B4CE19700253C28 /* XCRemoteSwiftPackageReference "GoogleSignIn-iOS" */ = {
			isa = XCRemoteSwiftPackageReference;
			repositoryURL = "https://github.com/google/GoogleSignIn-iOS.git";
			requirement = {
				kind = upToNextMajorVersion;
				minimumVersion = 7.0.0;
			};
		};
		34D014EC2B5AFD1200974C5F /* XCRemoteSwiftPackageReference "JWTDecode.swift" */ = {
			isa = XCRemoteSwiftPackageReference;
			repositoryURL = "https://github.com/auth0/JWTDecode.swift.git";
			requirement = {
				kind = upToNextMajorVersion;
				minimumVersion = 3.1.0;
			};
		};
/* End XCRemoteSwiftPackageReference section */

/* Begin XCSwiftPackageProductDependency section */
		34824B462B4CE19700253C28 /* GoogleSignIn */ = {
			isa = XCSwiftPackageProductDependency;
			package = 34824B452B4CE19700253C28 /* XCRemoteSwiftPackageReference "GoogleSignIn-iOS" */;
			productName = GoogleSignIn;
		};
		34824B482B4CE19700253C28 /* GoogleSignInSwift */ = {
			isa = XCSwiftPackageProductDependency;
			package = 34824B452B4CE19700253C28 /* XCRemoteSwiftPackageReference "GoogleSignIn-iOS" */;
			productName = GoogleSignInSwift;
		};
		34D014ED2B5AFD1200974C5F /* JWTDecode */ = {
			isa = XCSwiftPackageProductDependency;
			package = 34D014EC2B5AFD1200974C5F /* XCRemoteSwiftPackageReference "JWTDecode.swift" */;
			productName = JWTDecode;
		};
/* End XCSwiftPackageProductDependency section */
	};
	rootObject = 347526CA2B313A820022DB52 /* Project object */;
}
